
Microsoft Visual Studio Solution File, Format Version 12.00
# Visual Studio Version 17
VisualStudioVersion = 17.9.34622.214
MinimumVisualStudioVersion = 10.0.40219.1
Project("{FAE04EC0-301F-11D3-BF4B-00C04F79EFBC}") = "app-webjpmm", "app-webjpmm\app-webjpmm.csproj", "{2D09FEF9-63E1-4543-BDC3-1D8EA6C5A7BE}"
EndProject
Global
	GlobalSection(SolutionConfigurationPlatforms) = preSolution
		Debug|Any CPU = Debug|Any CPU
		Release|Any CPU = Release|Any CPU
	EndGlobalSection
	GlobalSection(ProjectConfigurationPlatforms) = postSolution
		{2D09FEF9-63E1-4543-BDC3-1D8EA6C5A7BE}.Debug|Any CPU.ActiveCfg = Debug|Any CPU
		{2D09FEF9-63E1-4543-BDC3-1D8EA6C5A7BE}.Debug|Any CPU.Build.0 = Debug|Any CPU
		{2D09FEF9-63E1-4543-BDC3-1D8EA6C5A7BE}.Release|Any CPU.ActiveCfg = Release|Any CPU
		{2D09FEF9-63E1-4543-BDC3-1D8EA6C5A7BE}.Release|Any CPU.Build.0 = Release|Any CPU
	EndGlobalSection
	GlobalSection(SolutionProperties) = preSolution
		HideSolutionNode = FALSE
	EndGlobalSection
	GlobalSection(ExtensibilityGlobals) = postSolution
		SolutionGuid = {FD20E3FE-73EC-4FD0-B483-B8EBEDF0F9C2}
	EndGlobalSection
EndGlobal
